
Microsoft Visual Studio Solution File, Format Version 12.00
# Visual Studio Version 17
VisualStudioVersion = 17.14.37111.16
MinimumVisualStudioVersion = 10.0.40219.1
Project("{FAE04EC0-301F-11D3-BF4B-00C04F79EFBC}") = "Argus.WinForms", "Argus.WinForms\Argus.WinForms.csproj", "{F5A955BF-7499-4B97-99D3-2B648F786983}"
EndProject
Project("{FAE04EC0-301F-11D3-BF4B-00C04F79EFBC}") = "Argus.Core", "Argus.Core\Argus.Core.csproj", "{92CC82AE-D5B7-4C37-ABCA-B8509A3AAF49}"
EndProject
Project("{FAE04EC0-301F-11D3-BF4B-00C04F79EFBC}") = "Argus.Core.Tests", "Argus.Core.Tests\Argus.Core.Tests.csproj", "{42720150-9A3E-4A69-842F-1BAD0987FED5}"
EndProject
Project("{FAE04EC0-301F-11D3-BF4B-00C04F79EFBC}") = "Argus.WinForms.Tests", "Argus.WinForms.Tests\Argus.WinForms.Tests.csproj", "{D1C5866A-C8B1-4F55-8F69-1C46EC29F36A}"
EndProject
Global
	GlobalSection(SolutionConfigurationPlatforms) = preSolution
		Debug|Any CPU = Debug|Any CPU
		Debug|x64 = Debug|x64
		Debug|x86 = Debug|x86
		Release|Any CPU = Release|Any CPU
		Release|x64 = Release|x64
		Release|x86 = Release|x86
	EndGlobalSection
	GlobalSection(ProjectConfigurationPlatforms) = postSolution
		{F5A955BF-7499-4B97-99D3-2B648F786983}.Debug|Any CPU.ActiveCfg = Debug|Any CPU
		{F5A955BF-7499-4B97-99D3-2B648F786983}.Debug|Any CPU.Build.0 = Debug|Any CPU
		{F5A955BF-7499-4B97-99D3-2B648F786983}.Debug|x64.ActiveCfg = Debug|Any CPU
		{F5A955BF-7499-4B97-99D3-2B648F786983}.Debug|x64.Build.0 = Debug|Any CPU
		{F5A955BF-7499-4B97-99D3-2B648F786983}.Debug|x86.ActiveCfg = Debug|Any CPU
		{F5A955BF-7499-4B97-99D3-2B648F786983}.Debug|x86.Build.0 = Debug|Any CPU
		{F5A955BF-7499-4B97-99D3-2B648F786983}.Release|Any CPU.ActiveCfg = Release|Any CPU
		{F5A955BF-7499-4B97-99D3-2B648F786983}.Release|Any CPU.Build.0 = Release|Any CPU
		{F5A955BF-7499-4B97-99D3-2B648F786983}.Release|x64.ActiveCfg = Release|Any CPU
		{F5A955BF-7499-4B97-99D3-2B648F786983}.Release|x64.Build.0 = Release|Any CPU
		{F5A955BF-7499-4B97-99D3-2B648F786983}.Release|x86.ActiveCfg = Release|Any CPU
		{F5A955BF-7499-4B97-99D3-2B648F786983}.Release|x86.Build.0 = Release|Any CPU
		{92CC82AE-D5B7-4C37-ABCA-B8509A3AAF49}.Debug|Any CPU.ActiveCfg = Debug|Any CPU
		{92CC82AE-D5B7-4C37-ABCA-B8509A3AAF49}.Debug|Any CPU.Build.0 = Debug|Any CPU
		{92CC82AE-D5B7-4C37-ABCA-B8509A3AAF49}.Debug|x64.ActiveCfg = Debug|Any CPU
		{92CC82AE-D5B7-4C37-ABCA-B8509A3AAF49}.Debug|x64.Build.0 = Debug|Any CPU
		{92CC82AE-D5B7-4C37-ABCA-B8509A3AAF49}.Debug|x86.ActiveCfg = Debug|Any CPU
		{92CC82AE-D5B7-4C37-ABCA-B8509A3AAF49}.Debug|x86.Build.0 = Debug|Any CPU
		{92CC82AE-D5B7-4C37-ABCA-B8509A3AAF49}.Release|Any CPU.ActiveCfg = Release|Any CPU
		{92CC82AE-D5B7-4C37-ABCA-B8509A3AAF49}.Release|Any CPU.Build.0 = Release|Any CPU
		{92CC82AE-D5B7-4C37-ABCA-B8509A3AAF49}.Release|x64.ActiveCfg = Release|Any CPU
		{92CC82AE-D5B7-4C37-ABCA-B8509A3AAF49}.Release|x64.Build.0 = Release|Any CPU
		{92CC82AE-D5B7-4C37-ABCA-B8509A3AAF49}.Release|x86.ActiveCfg = Release|Any CPU
		{92CC82AE-D5B7-4C37-ABCA-B8509A3AAF49}.Release|x86.Build.0 = Release|Any CPU
		{42720150-9A3E-4A69-842F-1BAD0987FED5}.Debug|Any CPU.ActiveCfg = Debug|Any CPU
		{42720150-9A3E-4A69-842F-1BAD0987FED5}.Debug|Any CPU.Build.0 = Debug|Any CPU
		{42720150-9A3E-4A69-842F-1BAD0987FED5}.Debug|x64.ActiveCfg = Debug|Any CPU
		{42720150-9A3E-4A69-842F-1BAD0987FED5}.Debug|x64.Build.0 = Debug|Any CPU
		{42720150-9A3E-4A69-842F-1BAD0987FED5}.Debug|x86.ActiveCfg = Debug|Any CPU
		{42720150-9A3E-4A69-842F-1BAD0987FED5}.Debug|x86.Build.0 = Debug|Any CPU
		{42720150-9A3E-4A69-842F-1BAD0987FED5}.Release|Any CPU.ActiveCfg = Release|Any CPU
		{42720150-9A3E-4A69-842F-1BAD0987FED5}.Release|Any CPU.Build.0 = Release|Any CPU
		{42720150-9A3E-4A69-842F-1BAD0987FED5}.Release|x64.ActiveCfg = Release|Any CPU
		{42720150-9A3E-4A69-842F-1BAD0987FED5}.Release|x64.Build.0 = Release|Any CPU
		{42720150-9A3E-4A69-842F-1BAD0987FED5}.Release|x86.ActiveCfg = Release|Any CPU
		{42720150-9A3E-4A69-842F-1BAD0987FED5}.Release|x86.Build.0 = Release|Any CPU
		{D1C5866A-C8B1-4F55-8F69-1C46EC29F36A}.Debug|Any CPU.ActiveCfg = Debug|Any CPU
		{D1C5866A-C8B1-4F55-8F69-1C46EC29F36A}.Debug|Any CPU.Build.0 = Debug|Any CPU
		{D1C5866A-C8B1-4F55-8F69-1C46EC29F36A}.Debug|x64.ActiveCfg = Debug|Any CPU
		{D1C5866A-C8B1-4F55-8F69-1C46EC29F36A}.Debug|x64.Build.0 = Debug|Any CPU
		{D1C5866A-C8B1-4F55-8F69-1C46EC29F36A}.Debug|x86.ActiveCfg = Debug|Any CPU
		{D1C5866A-C8B1-4F55-8F69-1C46EC29F36A}.Debug|x86.Build.0 = Debug|Any CPU
		{D1C5866A-C8B1-4F55-8F69-1C46EC29F36A}.Release|Any CPU.ActiveCfg = Release|Any CPU
		{D1C5866A-C8B1-4F55-8F69-1C46EC29F36A}.Release|Any CPU.Build.0 = Release|Any CPU
		{D1C5866A-C8B1-4F55-8F69-1C46EC29F36A}.Release|x64.ActiveCfg = Release|Any CPU
		{D1C5866A-C8B1-4F55-8F69-1C46EC29F36A}.Release|x64.Build.0 = Release|Any CPU
		{D1C5866A-C8B1-4F55-8F69-1C46EC29F36A}.Release|x86.ActiveCfg = Release|Any CPU
		{D1C5866A-C8B1-4F55-8F69-1C46EC29F36A}.Release|x86.Build.0 = Release|Any CPU
	EndGlobalSection
	GlobalSection(SolutionProperties) = preSolution
		HideSolutionNode = FALSE
	EndGlobalSection
	GlobalSection(ExtensibilityGlobals) = postSolution
		SolutionGuid = {8C9C61D3-EBC0-46BA-A449-33A8078B7959}
	EndGlobalSection
EndGlobal
